
Microsoft Visual Studio Solution File, Format Version 12.00
# Visual Studio Version 16
VisualStudioVersion = 16.0.31005.135
MinimumVisualStudioVersion = 10.0.40219.1
Project("{FAE04EC0-301F-11D3-BF4B-00C04F79EFBC}") = "Project1.WebUI", "Project1.WebUI\Project1.WebUI.csproj", "{244AA09A-1373-4577-B787-DEC1745DD8E6}"
EndProject
Global
	GlobalSection(SolutionConfigurationPlatforms) = preSolution
		Debug|Any CPU = Debug|Any CPU
		Release|Any CPU = Release|Any CPU
	EndGlobalSection
	GlobalSection(ProjectConfigurationPlatforms) = postSolution
		{244AA09A-1373-4577-B787-DEC1745DD8E6}.Debug|Any CPU.ActiveCfg = Debug|Any CPU
		{244AA09A-1373-4577-B787-DEC1745DD8E6}.Debug|Any CPU.Build.0 = Debug|Any CPU
		{244AA09A-1373-4577-B787-DEC1745DD8E6}.Release|Any CPU.ActiveCfg = Release|Any CPU
		{244AA09A-1373-4577-B787-DEC1745DD8E6}.Release|Any CPU.Build.0 = Release|Any CPU
	EndGlobalSection
	GlobalSection(SolutionProperties) = preSolution
		HideSolutionNode = FALSE
	EndGlobalSection
	GlobalSection(ExtensibilityGlobals) = postSolution
		SolutionGuid = {4E715B5C-2022-47ED-B246-5F70B4369D22}
	EndGlobalSection
EndGlobal
